github.com/aws/aws-sdk-go v1.12.9-0.20171010225127-0c897fc0ae57 h1:Sbfetu4X9PHJh7fXKSn2aJB5vWF1fdin0PDTTAfmmgA=
github.com/aws/aws-sdk-go v1.12.9-0.20171010225127-0c897fc0ae57/go.mod h1:ZRmQr0FajVIyZ4ZzBYKG5P3ZqPz9IHG41ZoMu1ADI3k=
github.com/davecgh/go-spew v1.1.0/go.mod h1:J7Y8YcW2NihsgmVo/mv3lAwl/skON4iLHjSsI+c5H38=
github.com/davecgh/go-spew v1.1.1 h1:vj9j/u1bqnvCEfJOwUhtlOARqs3+rkHYY13jYWTU97c=
github.com/davecgh/go-spew v1.1.1/go.mod h1:J7Y8YcW2NihsgmVo/mv3lAwl/skON4iLHjSsI+c5H38=
github.com/go-ini/ini v1.62.0 h1:7VJT/ZXjzqSrvtraFp4ONq80hTcRQth1c9ZnQ3uNQvU=
github.com/go-ini/ini v1.62.0/go.mod h1:ByCAeIL28uOIIG0E3PJtZPDL8WnHpFKFOtgjp+3Ies8=
github.com/honeybadger-io/honeybadger-go v0.2.1 h1:+DZbyc6RY+c5DvFU78lSegmMLyUtgOoDBUGNWZFSAqM=
github.com/honeybadger-io/honeybadger-go v0.2.1/go.mod h1:QBg96N5tQeLsbJzkgqkoIazFoND4NJmTCByL+73Ve10=
github.com/jcxplorer/cwlogger v0.0.0-20170704082755-4e30a5a47e6a h1:uKybr3vbJEsGoKHO4SKMc20X9ISLiZwOPsUQ3+Kz6wY=
github.com/jcxplorer/cwlogger v0.0.0-20170704082755-4e30a5a47e6a/go.mod h1:jqP/JbBwy+LLLUwzr8XTr9IrnaNxFD7kmaXZlvjH9nQ=
github.com/jmespath/go-jmespath v0.4.0 h1:BEgLn5cpjn8UN1mAw4NjwDrS35OdebyEtFe+9YPoQUg=
github.com/jmespath/go-jmespath v0.4.0/go.mod h1:T8mJZnbsbmF+m6zOOFylbeCJqk5+pHWvzYPziyZiYoo=
github.com/jmespath/go-jmespath/internal/testify v1.5.1/go.mod h1:L3OGu8Wl2/fWfCI6z80xFu9LTZmf1ZRjMHUOPmWr69U=
github.com/newrelic/go-agent v1.9.0 h1:DEDLnB+UsGDCcZvMZce3DdyZHL7t400+f2G8eDAZdy0=
github.com/newrelic/go-agent v1.9.0/go.mod h1:a8Fv1b/fYhFSReoTU6HDkTYIMZeSVNffmoS726Y0LzQ=
github.com/noragem/gemloggerv2 v0.0.0-20171012062101-e416e129de41 h1:pUiQai9eimOvXfwYU6o+3Rlmg/xIsrhncgc+iM+IZv4=
github.com/noragem/gemloggerv2 v0.0.0-20171012062101-e416e129de41/go.mod h1:wSkJq2Q3zoPqT2KRJkqLIGYLqhHtUXL+7V3Kgv4GPfk=
github.com/pborman/uuid v0.0.0-20170612153648-e790cca94e6c h1:MUyE44mTvnI5A0xrxIxaMqoWFzPfQvtE2IWUollMDMs=
github.com/pborman/uuid v0.0.0-20170612153648-e790cca94e6c/go.mod h1:VyrYX9gd7irzKovcSS6BIIEwPRkP2Wm2m9ufcdFSJ34=
github.com/pmezard/go-difflib v1.0.0 h1:4DBwDE0NGyQoBHbLQYPwSUPoCMWR5BEzIk/f1lZbAQM=
github.com/pmezard/go-difflib v1.0.0/go.mod h1:iKH77koFhYxTK1pcRnkKkqfTogsbg7gZNVY4sRDYZ/4=
github.com/shirou/gopsutil v2.16.13-0.20171008114115-8f7dc4e5a173+incompatible h1:8/P0TodUyJDvVndartdsYrX6nAWgzjAfgO9jvNZL8l8=
github.com/shirou/gopsutil v2.16.13-0.20171008114115-8f7dc4e5a173+incompatible/go.mod h1:5b4v6he4MtMOwMlS0TUMTu2PcXUg8+E1lC7eC3UO/RA=
github.com/stretchr/objx v0.1.0/go.mod h1:HFkY916IF+rwdDfMAkV7OtwuqBVzrE8GR6GFx+wExME=
github.com/stretchr/testify v1.1.5-0.20170601210322-f6abca593680 h1:oAXco1Ts88F75L1qvG3BAa4ChXI3EZDfxbB+p+y8+gE=
github.com/stretchr/testify v1.1.5-0.20170601210322-f6abca593680/go.mod h1:a8OnRcib4nhh0OaRAV+Yts87kKdq0PP7pXfy6kDkUVs=
golang.org/x/sys v0.0.0-20170825194620-2d6f6f883a06 h1:PalaD9TYeHrK/nVZ+Wp4YMG5329PF00IDJR/oUZpxm0=
golang.org/x/sys v0.0.0-20170825194620-2d6f6f883a06/go.mod h1:STP8DvDyc/dI5b8T5hshtkjS+E42TnysNCUPdjciGhY=
gopkg.in/check.v1 v0.0.0-20161208181325-20d25e280405/go.mod h1:Co6ibVJAznAaIkqp8huTwlJQCZ016jof/cbN4VW5Yz0=
gopkg.in/tylerb/graceful.v1 v1.2.15 h1:1JmOyhKqAyX3BgTXMI84LwT6FOJ4tP2N9e2kwTCM0nQ=
gopkg.in/tylerb/graceful.v1 v1.2.15/go.mod h1:yBhekWvR20ACXVObSSdD3u6S9DeSylanL2PAbAC/uJ8=
gopkg.in/yaml.v2 v2.2.8/go.mod h1:hI93XBmqTisBFMUTm0b8Fm+jr3Dg1NNxqwp+5A1VGuI=
